// !$*UTF8*$!
{
	archiveVersion = 1;
	classes = {
	};
	objectVersion = 46;
	objects = {

/* Begin PBXBuildFile section */
		520AE6E8208E1DA300BADE47 /* TKMessageManager.h in Headers */ = {isa = PBXBuildFile; fileRef = 520AE6E6208E1DA300BADE47 /* TKMessageManager.h */; };
		520AE6E9208E1DA300BADE47 /* TKMessageManager.m in Sources */ = {isa = PBXBuildFile; fileRef = 520AE6E7208E1DA300BADE47 /* TKMessageManager.m */; };
		520AE6F0208E231F00BADE47 /* NotifyConstant.h in Headers */ = {isa = PBXBuildFile; fileRef = 520AE6EF208E231F00BADE47 /* NotifyConstant.h */; };
		520AE6F3208F62EF00BADE47 /* TKAssistantMenuManager.h in Headers */ = {isa = PBXBuildFile; fileRef = 520AE6F1208F62EF00BADE47 /* TKAssistantMenuManager.h */; };
		520AE6F4208F62EF00BADE47 /* TKAssistantMenuManager.m in Sources */ = {isa = PBXBuildFile; fileRef = 520AE6F2208F62EF00BADE47 /* TKAssistantMenuManager.m */; };
		520AE6F7208F632700BADE47 /* TKRemoteControlManager.h in Headers */ = {isa = PBXBuildFile; fileRef = 520AE6F5208F632700BADE47 /* TKRemoteControlManager.h */; };
		520AE6F8208F632700BADE47 /* TKRemoteControlManager.m in Sources */ = {isa = PBXBuildFile; fileRef = 520AE6F6208F632700BADE47 /* TKRemoteControlManager.m */; };
		520F2009205E1DF900A36B1E /* TKWebServerManager.h in Headers */ = {isa = PBXBuildFile; fileRef = 520F2007205E1DF900A36B1E /* TKWebServerManager.h */; };
		520F200A205E1DF900A36B1E /* TKWebServerManager.m in Sources */ = {isa = PBXBuildFile; fileRef = 520F2008205E1DF900A36B1E /* TKWebServerManager.m */; };
		52176DD9209809CE0035FA50 /* NSString+Action.h in Headers */ = {isa = PBXBuildFile; fileRef = 52176DD7209809CE0035FA50 /* NSString+Action.h */; };
		52176DDA209809CE0035FA50 /* NSString+Action.m in Sources */ = {isa = PBXBuildFile; fileRef = 52176DD8209809CE0035FA50 /* NSString+Action.m */; };
		521C49C320820662003902E7 /* TKRemoteControlWindowController.xib in Resources */ = {isa = PBXBuildFile; fileRef = 521C49C520820662003902E7 /* TKRemoteControlWindowController.xib */; };
		521D75F92080E3670093C820 /* Localizable.strings in Resources */ = {isa = PBXBuildFile; fileRef = 521D75FB2080E3670093C820 /* Localizable.strings */; };
		52206B6A20836A230010C232 /* NSMenu+Action.h in Headers */ = {isa = PBXBuildFile; fileRef = 52206B6820836A230010C232 /* NSMenu+Action.h */; };
		52206B6B20836A230010C232 /* NSMenu+Action.m in Sources */ = {isa = PBXBuildFile; fileRef = 52206B6920836A230010C232 /* NSMenu+Action.m */; };
		522547CF1F4AE5A700226A2A /* NSView+Action.h in Headers */ = {isa = PBXBuildFile; fileRef = 522547CD1F4AE5A700226A2A /* NSView+Action.h */; };
		522547D01F4AE5A700226A2A /* NSView+Action.m in Sources */ = {isa = PBXBuildFile; fileRef = 522547CE1F4AE5A700226A2A /* NSView+Action.m */; };
		522547DE1F4C312A00226A2A /* TKAutoReplyWindowController.h in Headers */ = {isa = PBXBuildFile; fileRef = 522547D71F4C312A00226A2A /* TKAutoReplyWindowController.h */; };
		522547DF1F4C312A00226A2A /* TKAutoReplyWindowController.m in Sources */ = {isa = PBXBuildFile; fileRef = 522547D81F4C312A00226A2A /* TKAutoReplyWindowController.m */; };
		522547E01F4C312A00226A2A /* TKAutoReplyWindowController.xib in Resources */ = {isa = PBXBuildFile; fileRef = 522547D91F4C312A00226A2A /* TKAutoReplyWindowController.xib */; };
		522547E11F4C312A00226A2A /* TKRemoteControlWindowController.h in Headers */ = {isa = PBXBuildFile; fileRef = 522547DB1F4C312A00226A2A /* TKRemoteControlWindowController.h */; };
		522547E21F4C312A00226A2A /* TKRemoteControlWindowController.m in Sources */ = {isa = PBXBuildFile; fileRef = 522547DC1F4C312A00226A2A /* TKRemoteControlWindowController.m */; };
		5226D5CA2040FC3E0013C048 /* TKVersionManager.h in Headers */ = {isa = PBXBuildFile; fileRef = 5226D5C82040FC3E0013C048 /* TKVersionManager.h */; };
		5226D5CB2040FC3E0013C048 /* TKVersionManager.m in Sources */ = {isa = PBXBuildFile; fileRef = 5226D5C92040FC3E0013C048 /* TKVersionManager.m */; };
		5228EABA1F70B59500D808CF /* NSButton+Action.h in Headers */ = {isa = PBXBuildFile; fileRef = 5228EAB81F70B59500D808CF /* NSButton+Action.h */; };
		5228EABB1F70B59500D808CF /* NSButton+Action.m in Sources */ = {isa = PBXBuildFile; fileRef = 5228EAB91F70B59500D808CF /* NSButton+Action.m */; };
		523848AB1F70E73500771BA3 /* NSTextField+Action.h in Headers */ = {isa = PBXBuildFile; fileRef = 523848A91F70E73500771BA3 /* NSTextField+Action.h */; };
		523848AC1F70E73500771BA3 /* NSTextField+Action.m in Sources */ = {isa = PBXBuildFile; fileRef = 523848AA1F70E73500771BA3 /* NSTextField+Action.m */; };
		52475C321F6BA43800760E3E /* TKIgnoreSessonModel.h in Headers */ = {isa = PBXBuildFile; fileRef = 52475C301F6BA43800760E3E /* TKIgnoreSessonModel.h */; };
		52475C331F6BA43800760E3E /* TKIgnoreSessonModel.m in Sources */ = {isa = PBXBuildFile; fileRef = 52475C311F6BA43800760E3E /* TKIgnoreSessonModel.m */; };
		526F4D7D1F4AAADA00E46004 /* ColorConstant.h in Headers */ = {isa = PBXBuildFile; fileRef = 526F4D791F4AAADA00E46004 /* ColorConstant.h */; };
		526F4D801F4AAADA00E46004 /* TKPrefixHeader.pch in Headers */ = {isa = PBXBuildFile; fileRef = 526F4D7C1F4AAADA00E46004 /* TKPrefixHeader.pch */; };
		526F4D831F4AAC1900E46004 /* TKAutoReplyModel.h in Headers */ = {isa = PBXBuildFile; fileRef = 526F4D811F4AAC1900E46004 /* TKAutoReplyModel.h */; };
		526F4D841F4AAC1900E46004 /* TKAutoReplyModel.m in Sources */ = {isa = PBXBuildFile; fileRef = 526F4D821F4AAC1900E46004 /* TKAutoReplyModel.m */; };
		527D017320903C1B007155C9 /* NSMenuItem+Action.h in Headers */ = {isa = PBXBuildFile; fileRef = 527D017120903C1B007155C9 /* NSMenuItem+Action.h */; };
		527D017420903C1B007155C9 /* NSMenuItem+Action.m in Sources */ = {isa = PBXBuildFile; fileRef = 527D017220903C1B007155C9 /* NSMenuItem+Action.m */; };
		527E7F622018711800358D26 /* fishhook.c in Sources */ = {isa = PBXBuildFile; fileRef = 527E7F602018711800358D26 /* fishhook.c */; };
		527E7F632018711800358D26 /* fishhook.h in Headers */ = {isa = PBXBuildFile; fileRef = 527E7F612018711800358D26 /* fishhook.h */; };
		52810B6B21E8FCF500861FC3 /* TKUtility.h in Headers */ = {isa = PBXBuildFile; fileRef = 52810B6921E8FCF500861FC3 /* TKUtility.h */; };
		52810B6C21E8FCF500861FC3 /* TKUtility.m in Sources */ = {isa = PBXBuildFile; fileRef = 52810B6A21E8FCF500861FC3 /* TKUtility.m */; };
		528B4F971EA7383800BC6A89 /* WeChatPlugin.h in Headers */ = {isa = PBXBuildFile; fileRef = 528B4F951EA7383800BC6A89 /* WeChatPlugin.h */; settings = {ATTRIBUTES = (Public, ); }; };
		528B4FB41EA7386D00BC6A89 /* main.mm in Sources */ = {isa = PBXBuildFile; fileRef = 528B4FAA1EA7386D00BC6A89 /* main.mm */; };
		529950622113DAF10008BEE3 /* TKCacheManager.h in Headers */ = {isa = PBXBuildFile; fileRef = 529950602113DAF10008BEE3 /* TKCacheManager.h */; };
		529950632113DAF10008BEE3 /* TKCacheManager.m in Sources */ = {isa = PBXBuildFile; fileRef = 529950612113DAF10008BEE3 /* TKCacheManager.m */; };
		5299B2B021087C2B004810D2 /* NSDate+Action.h in Headers */ = {isa = PBXBuildFile; fileRef = 5299B2AE21087C2B004810D2 /* NSDate+Action.h */; };
		5299B2B121087C2B004810D2 /* NSDate+Action.m in Sources */ = {isa = PBXBuildFile; fileRef = 5299B2AF21087C2B004810D2 /* NSDate+Action.m */; };
		529CDDFE1F6E6A060056DC1A /* TKBaseModel.h in Headers */ = {isa = PBXBuildFile; fileRef = 529CDDFC1F6E6A060056DC1A /* TKBaseModel.h */; };
		529CDDFF1F6E6A060056DC1A /* TKBaseModel.m in Sources */ = {isa = PBXBuildFile; fileRef = 529CDDFD1F6E6A060056DC1A /* TKBaseModel.m */; };
		52B5CEF21F3B4623000D9DD9 /* TKRemoteControlCommands.plist in Resources */ = {isa = PBXBuildFile; fileRef = 52B5CEF01F3B4623000D9DD9 /* TKRemoteControlCommands.plist */; };
		52B5CEF31F3B4623000D9DD9 /* TKRemoteControlScript.scpt in Resources */ = {isa = PBXBuildFile; fileRef = 52B5CEF11F3B4623000D9DD9 /* TKRemoteControlScript.scpt */; };
		52B5CF141F3B4631000D9DD9 /* TKWeChatPluginConfig.h in Headers */ = {isa = PBXBuildFile; fileRef = 52B5CEF91F3B4631000D9DD9 /* TKWeChatPluginConfig.h */; };
		52B5CF151F3B4631000D9DD9 /* TKWeChatPluginConfig.m in Sources */ = {isa = PBXBuildFile; fileRef = 52B5CEFA1F3B4631000D9DD9 /* TKWeChatPluginConfig.m */; };
		52B5CF181F3B4631000D9DD9 /* TKRemoteControlModel.h in Headers */ = {isa = PBXBuildFile; fileRef = 52B5CEFF1F3B4631000D9DD9 /* TKRemoteControlModel.h */; };
		52B5CF191F3B4631000D9DD9 /* TKRemoteControlModel.m in Sources */ = {isa = PBXBuildFile; fileRef = 52B5CF001F3B4631000D9DD9 /* TKRemoteControlModel.m */; };
		52B5CF1A1F3B4631000D9DD9 /* TKHelper.h in Headers */ = {isa = PBXBuildFile; fileRef = 52B5CF021F3B4631000D9DD9 /* TKHelper.h */; };
		52B5CF1B1F3B4631000D9DD9 /* TKHelper.m in Sources */ = {isa = PBXBuildFile; fileRef = 52B5CF031F3B4631000D9DD9 /* TKHelper.m */; };
		52CD4C58209C5CA10061A5D6 /* NSWindowController+Action.h in Headers */ = {isa = PBXBuildFile; fileRef = 52CD4C56209C5CA10061A5D6 /* NSWindowController+Action.h */; };
		52CD4C59209C5CA10061A5D6 /* NSWindowController+Action.m in Sources */ = {isa = PBXBuildFile; fileRef = 52CD4C57209C5CA10061A5D6 /* NSWindowController+Action.m */; };
		52CD4C5E209CA0510061A5D6 /* TKAboutWindowController.h in Headers */ = {isa = PBXBuildFile; fileRef = 52CD4C5B209CA0510061A5D6 /* TKAboutWindowController.h */; };
		52CD4C5F209CA0510061A5D6 /* TKAboutWindowController.m in Sources */ = {isa = PBXBuildFile; fileRef = 52CD4C5C209CA0510061A5D6 /* TKAboutWindowController.m */; };
		52CD4C7C209ED2300061A5D6 /* TKAutoReplyCell.h in Headers */ = {isa = PBXBuildFile; fileRef = 52CD4C78209ED22F0061A5D6 /* TKAutoReplyCell.h */; };
		52CD4C7D209ED2300061A5D6 /* TKAutoReplyContentView.h in Headers */ = {isa = PBXBuildFile; fileRef = 52CD4C79209ED2300061A5D6 /* TKAutoReplyContentView.h */; };
		52CD4C7E209ED2300061A5D6 /* TKAutoReplyContentView.m in Sources */ = {isa = PBXBuildFile; fileRef = 52CD4C7A209ED2300061A5D6 /* TKAutoReplyContentView.m */; };
		52CD4C7F209ED2300061A5D6 /* TKAutoReplyCell.m in Sources */ = {isa = PBXBuildFile; fileRef = 52CD4C7B209ED2300061A5D6 /* TKAutoReplyCell.m */; };
		52CD4C82209ED23B0061A5D6 /* TKRemoteControlCell.m in Sources */ = {isa = PBXBuildFile; fileRef = 52CD4C80209ED23B0061A5D6 /* TKRemoteControlCell.m */; };
		52CD4C83209ED23B0061A5D6 /* TKRemoteControlCell.h in Headers */ = {isa = PBXBuildFile; fileRef = 52CD4C81209ED23B0061A5D6 /* TKRemoteControlCell.h */; };
		52CD4C8420A01CDC0061A5D6 /* TKAboutWindowController.xib in Resources */ = {isa = PBXBuildFile; fileRef = 52CD4C8620A01CDC0061A5D6 /* TKAboutWindowController.xib */; };
		52CD4C8B20A07D420061A5D6 /* about.rtfd in Resources */ = {isa = PBXBuildFile; fileRef = 52CD4C8D20A07D420061A5D6 /* about.rtfd */; };
		52CD4C9720A0885A0061A5D6 /* MMChatsTableCellView+hook.h in Headers */ = {isa = PBXBuildFile; fileRef = 52CD4C9120A088590061A5D6 /* MMChatsTableCellView+hook.h */; };
		52CD4C9820A0885A0061A5D6 /* WeChat+hook.h in Headers */ = {isa = PBXBuildFile; fileRef = 52CD4C9220A088590061A5D6 /* WeChat+hook.h */; };
		52CD4C9920A0885A0061A5D6 /* MMStickerMessageCellView+hook.h in Headers */ = {isa = PBXBuildFile; fileRef = 52CD4C9320A088590061A5D6 /* MMStickerMessageCellView+hook.h */; };
		52CD4C9A20A0885A0061A5D6 /* MMStickerMessageCellView+hook.m in Sources */ = {isa = PBXBuildFile; fileRef = 52CD4C9420A088590061A5D6 /* MMStickerMessageCellView+hook.m */; };
		52CD4C9B20A0885A0061A5D6 /* WeChat+hook.m in Sources */ = {isa = PBXBuildFile; fileRef = 52CD4C9520A088590061A5D6 /* WeChat+hook.m */; };
		52CD4C9C20A0885A0061A5D6 /* MMChatsTableCellView+hook.m in Sources */ = {isa = PBXBuildFile; fileRef = 52CD4C9620A088590061A5D6 /* MMChatsTableCellView+hook.m */; };
		52DA3E0D2094790900C618BB /* TKDownloadWindowController.h in Headers */ = {isa = PBXBuildFile; fileRef = 52DA3E0A2094790900C618BB /* TKDownloadWindowController.h */; };
		52DA3E0E2094790900C618BB /* TKDownloadWindowController.m in Sources */ = {isa = PBXBuildFile; fileRef = 52DA3E0B2094790900C618BB /* TKDownloadWindowController.m */; };
		52DA3E0F2094790900C618BB /* TKDownloadWindowController.xib in Resources */ = {isa = PBXBuildFile; fileRef = 52DA3E0C2094790900C618BB /* TKDownloadWindowController.xib */; };
		52EA235920862D19008E6329 /* TKHTTPManager.h in Headers */ = {isa = PBXBuildFile; fileRef = 52EA235720862D19008E6329 /* TKHTTPManager.h */; };
		52EA235A20862D19008E6329 /* TKHTTPManager.m in Sources */ = {isa = PBXBuildFile; fileRef = 52EA235820862D19008E6329 /* TKHTTPManager.m */; };
		581E98663A5F0E6327516AA8 /* libPods-WeChatPlugin.a in Frameworks */ = {isa = PBXBuildFile; fileRef = 17F7A08DC0E3A0626801414D /* libPods-WeChatPlugin.a */; };
/* End PBXBuildFile section */

/* Begin PBXFileReference section */
		13B308B4A92CE38341762A48 /* Pods-WeChatPlugin.release.xcconfig */ = {isa = PBXFileReference; includeInIndex = 1; lastKnownFileType = text.xcconfig; name = "Pods-WeChatPlugin.release.xcconfig"; path = "Pods/Target Support Files/Pods-WeChatPlugin/Pods-WeChatPlugin.release.xcconfig"; sourceTree = "<group>"; };
		17F7A08DC0E3A0626801414D /* libPods-WeChatPlugin.a */ = {isa = PBXFileReference; explicitFileType = archive.ar; includeInIndex = 0; path = "libPods-WeChatPlugin.a"; sourceTree = BUILT_PRODUCTS_DIR; };
		520AE6E6208E1DA300BADE47 /* TKMessageManager.h */ = {isa = PBXFileReference; lastKnownFileType = sourcecode.c.h; path = TKMessageManager.h; sourceTree = "<group>"; };
		520AE6E7208E1DA300BADE47 /* TKMessageManager.m */ = {isa = PBXFileReference; lastKnownFileType = sourcecode.c.objc; path = TKMessageManager.m; sourceTree = "<group>"; };
		520AE6EF208E231F00BADE47 /* NotifyConstant.h */ = {isa = PBXFileReference; fileEncoding = 4; lastKnownFileType = sourcecode.c.h; path = NotifyConstant.h; sourceTree = "<group>"; };
		520AE6F1208F62EF00BADE47 /* TKAssistantMenuManager.h */ = {isa = PBXFileReference; lastKnownFileType = sourcecode.c.h; path = TKAssistantMenuManager.h; sourceTree = "<group>"; };
		520AE6F2208F62EF00BADE47 /* TKAssistantMenuManager.m */ = {isa = PBXFileReference; lastKnownFileType = sourcecode.c.objc; path = TKAssistantMenuManager.m; sourceTree = "<group>"; };
		520AE6F5208F632700BADE47 /* TKRemoteControlManager.h */ = {isa = PBXFileReference; lastKnownFileType = sourcecode.c.h; path = TKRemoteControlManager.h; sourceTree = "<group>"; };
		520AE6F6208F632700BADE47 /* TKRemoteControlManager.m */ = {isa = PBXFileReference; lastKnownFileType = sourcecode.c.objc; path = TKRemoteControlManager.m; sourceTree = "<group>"; };
		520F2007205E1DF900A36B1E /* TKWebServerManager.h */ = {isa = PBXFileReference; lastKnownFileType = sourcecode.c.h; path = TKWebServerManager.h; sourceTree = "<group>"; };
		520F2008205E1DF900A36B1E /* TKWebServerManager.m */ = {isa = PBXFileReference; lastKnownFileType = sourcecode.c.objc; path = TKWebServerManager.m; sourceTree = "<group>"; };
		52176DD7209809CE0035FA50 /* NSString+Action.h */ = {isa = PBXFileReference; lastKnownFileType = sourcecode.c.h; path = "NSString+Action.h"; sourceTree = "<group>"; };
		52176DD8209809CE0035FA50 /* NSString+Action.m */ = {isa = PBXFileReference; lastKnownFileType = sourcecode.c.objc; path = "NSString+Action.m"; sourceTree = "<group>"; };
		521C49C620820663003902E7 /* zh-Hans */ = {isa = PBXFileReference; lastKnownFileType = file.xib; name = "zh-Hans"; path = "zh-Hans.lproj/TKRemoteControlWindowController.xib"; sourceTree = "<group>"; };
		521D75FA2080E3670093C820 /* en */ = {isa = PBXFileReference; lastKnownFileType = text.plist.strings; name = en; path = en.lproj/Localizable.strings; sourceTree = "<group>"; };
		521D75FC2080E3780093C820 /* zh-Hans */ = {isa = PBXFileReference; lastKnownFileType = text.plist.strings; name = "zh-Hans"; path = "zh-Hans.lproj/Localizable.strings"; sourceTree = "<group>"; };
		52206B6820836A230010C232 /* NSMenu+Action.h */ = {isa = PBXFileReference; lastKnownFileType = sourcecode.c.h; path = "NSMenu+Action.h"; sourceTree = "<group>"; };
		52206B6920836A230010C232 /* NSMenu+Action.m */ = {isa = PBXFileReference; lastKnownFileType = sourcecode.c.objc; path = "NSMenu+Action.m"; sourceTree = "<group>"; };
		522547CD1F4AE5A700226A2A /* NSView+Action.h */ = {isa = PBXFileReference; fileEncoding = 4; lastKnownFileType = sourcecode.c.h; path = "NSView+Action.h"; sourceTree = "<group>"; };
		522547CE1F4AE5A700226A2A /* NSView+Action.m */ = {isa = PBXFileReference; fileEncoding = 4; lastKnownFileType = sourcecode.c.objc; path = "NSView+Action.m"; sourceTree = "<group>"; };
		522547D71F4C312A00226A2A /* TKAutoReplyWindowController.h */ = {isa = PBXFileReference; fileEncoding = 4; lastKnownFileType = sourcecode.c.h; path = TKAutoReplyWindowController.h; sourceTree = "<group>"; };
		522547D81F4C312A00226A2A /* TKAutoReplyWindowController.m */ = {isa = PBXFileReference; fileEncoding = 4; lastKnownFileType = sourcecode.c.objc; path = TKAutoReplyWindowController.m; sourceTree = "<group>"; };
		522547D91F4C312A00226A2A /* TKAutoReplyWindowController.xib */ = {isa = PBXFileReference; fileEncoding = 4; lastKnownFileType = file.xib; path = TKAutoReplyWindowController.xib; sourceTree = "<group>"; };
		522547DB1F4C312A00226A2A /* TKRemoteControlWindowController.h */ = {isa = PBXFileReference; fileEncoding = 4; lastKnownFileType = sourcecode.c.h; path = TKRemoteControlWindowController.h; sourceTree = "<group>"; };
		522547DC1F4C312A00226A2A /* TKRemoteControlWindowController.m */ = {isa = PBXFileReference; fileEncoding = 4; lastKnownFileType = sourcecode.c.objc; path = TKRemoteControlWindowController.m; sourceTree = "<group>"; };
		5226D5C82040FC3E0013C048 /* TKVersionManager.h */ = {isa = PBXFileReference; lastKnownFileType = sourcecode.c.h; path = TKVersionManager.h; sourceTree = "<group>"; };
		5226D5C92040FC3E0013C048 /* TKVersionManager.m */ = {isa = PBXFileReference; lastKnownFileType = sourcecode.c.objc; path = TKVersionManager.m; sourceTree = "<group>"; };
		5228EAB81F70B59500D808CF /* NSButton+Action.h */ = {isa = PBXFileReference; fileEncoding = 4; lastKnownFileType = sourcecode.c.h; path = "NSButton+Action.h"; sourceTree = "<group>"; };
		5228EAB91F70B59500D808CF /* NSButton+Action.m */ = {isa = PBXFileReference; fileEncoding = 4; lastKnownFileType = sourcecode.c.objc; path = "NSButton+Action.m"; sourceTree = "<group>"; };
		523848A91F70E73500771BA3 /* NSTextField+Action.h */ = {isa = PBXFileReference; fileEncoding = 4; lastKnownFileType = sourcecode.c.h; path = "NSTextField+Action.h"; sourceTree = "<group>"; };
		523848AA1F70E73500771BA3 /* NSTextField+Action.m */ = {isa = PBXFileReference; fileEncoding = 4; lastKnownFileType = sourcecode.c.objc; path = "NSTextField+Action.m"; sourceTree = "<group>"; };
		52475C301F6BA43800760E3E /* TKIgnoreSessonModel.h */ = {isa = PBXFileReference; fileEncoding = 4; lastKnownFileType = sourcecode.c.h; path = TKIgnoreSessonModel.h; sourceTree = "<group>"; };
		52475C311F6BA43800760E3E /* TKIgnoreSessonModel.m */ = {isa = PBXFileReference; fileEncoding = 4; lastKnownFileType = sourcecode.c.objc; path = TKIgnoreSessonModel.m; sourceTree = "<group>"; };
		526A26702081AC03005B3E3C /* DefineConstant.h */ = {isa = PBXFileReference; lastKnownFileType = sourcecode.c.h; path = DefineConstant.h; sourceTree = "<group>"; };
		526F4D791F4AAADA00E46004 /* ColorConstant.h */ = {isa = PBXFileReference; fileEncoding = 4; lastKnownFileType = sourcecode.c.h; path = ColorConstant.h; sourceTree = "<group>"; };
		526F4D7C1F4AAADA00E46004 /* TKPrefixHeader.pch */ = {isa = PBXFileReference; fileEncoding = 4; lastKnownFileType = sourcecode.c.h; path = TKPrefixHeader.pch; sourceTree = "<group>"; };
		526F4D811F4AAC1900E46004 /* TKAutoReplyModel.h */ = {isa = PBXFileReference; fileEncoding = 4; lastKnownFileType = sourcecode.c.h; path = TKAutoReplyModel.h; sourceTree = "<group>"; };
		526F4D821F4AAC1900E46004 /* TKAutoReplyModel.m */ = {isa = PBXFileReference; fileEncoding = 4; lastKnownFileType = sourcecode.c.objc; path = TKAutoReplyModel.m; sourceTree = "<group>"; };
		527D017120903C1B007155C9 /* NSMenuItem+Action.h */ = {isa = PBXFileReference; lastKnownFileType = sourcecode.c.h; path = "NSMenuItem+Action.h"; sourceTree = "<group>"; };
		527D017220903C1B007155C9 /* NSMenuItem+Action.m */ = {isa = PBXFileReference; lastKnownFileType = sourcecode.c.objc; path = "NSMenuItem+Action.m"; sourceTree = "<group>"; };
		527E7F602018711800358D26 /* fishhook.c */ = {isa = PBXFileReference; fileEncoding = 4; lastKnownFileType = sourcecode.c.c; path = fishhook.c; sourceTree = "<group>"; };
		527E7F612018711800358D26 /* fishhook.h */ = {isa = PBXFileReference; fileEncoding = 4; lastKnownFileType = sourcecode.c.h; path = fishhook.h; sourceTree = "<group>"; };
		52810B6921E8FCF500861FC3 /* TKUtility.h */ = {isa = PBXFileReference; lastKnownFileType = sourcecode.c.h; path = TKUtility.h; sourceTree = "<group>"; };
		52810B6A21E8FCF500861FC3 /* TKUtility.m */ = {isa = PBXFileReference; lastKnownFileType = sourcecode.c.objc; path = TKUtility.m; sourceTree = "<group>"; };
		52810B6D21E90B2400861FC3 /* Base */ = {isa = PBXFileReference; lastKnownFileType = file.xib; name = Base; path = Base.lproj/TKAboutWindowController.xib; sourceTree = "<group>"; };
		52810B6E21E90B2500861FC3 /* Base */ = {isa = PBXFileReference; lastKnownFileType = file.xib; name = Base; path = Base.lproj/TKRemoteControlWindowController.xib; sourceTree = "<group>"; };
		528B4F921EA7383800BC6A89 /* WeChatPlugin.framework */ = {isa = PBXFileReference; explicitFileType = wrapper.framework; includeInIndex = 0; path = WeChatPlugin.framework; sourceTree = BUILT_PRODUCTS_DIR; };
		528B4F951EA7383800BC6A89 /* WeChatPlugin.h */ = {isa = PBXFileReference; lastKnownFileType = sourcecode.c.h; path = WeChatPlugin.h; sourceTree = "<group>"; };
		528B4F961EA7383800BC6A89 /* Info.plist */ = {isa = PBXFileReference; lastKnownFileType = text.plist.xml; path = Info.plist; sourceTree = "<group>"; };
		528B4FAA1EA7386D00BC6A89 /* main.mm */ = {isa = PBXFileReference; fileEncoding = 4; lastKnownFileType = sourcecode.cpp.objcpp; path = main.mm; sourceTree = "<group>"; };
		529950602113DAF10008BEE3 /* TKCacheManager.h */ = {isa = PBXFileReference; lastKnownFileType = sourcecode.c.h; path = TKCacheManager.h; sourceTree = "<group>"; };
		529950612113DAF10008BEE3 /* TKCacheManager.m */ = {isa = PBXFileReference; lastKnownFileType = sourcecode.c.objc; path = TKCacheManager.m; sourceTree = "<group>"; };
		5299B2AE21087C2B004810D2 /* NSDate+Action.h */ = {isa = PBXFileReference; lastKnownFileType = sourcecode.c.h; path = "NSDate+Action.h"; sourceTree = "<group>"; };
		5299B2AF21087C2B004810D2 /* NSDate+Action.m */ = {isa = PBXFileReference; lastKnownFileType = sourcecode.c.objc; path = "NSDate+Action.m"; sourceTree = "<group>"; };
		529CDDFC1F6E6A060056DC1A /* TKBaseModel.h */ = {isa = PBXFileReference; fileEncoding = 4; lastKnownFileType = sourcecode.c.h; path = TKBaseModel.h; sourceTree = "<group>"; };
		529CDDFD1F6E6A060056DC1A /* TKBaseModel.m */ = {isa = PBXFileReference; fileEncoding = 4; lastKnownFileType = sourcecode.c.objc; path = TKBaseModel.m; sourceTree = "<group>"; };
		52B5CEF01F3B4623000D9DD9 /* TKRemoteControlCommands.plist */ = {isa = PBXFileReference; fileEncoding = 4; lastKnownFileType = text.plist.xml; path = TKRemoteControlCommands.plist; sourceTree = "<group>"; };
		52B5CEF11F3B4623000D9DD9 /* TKRemoteControlScript.scpt */ = {isa = PBXFileReference; lastKnownFileType = file; path = TKRemoteControlScript.scpt; sourceTree = "<group>"; };
		52B5CEF91F3B4631000D9DD9 /* TKWeChatPluginConfig.h */ = {isa = PBXFileReference; fileEncoding = 4; lastKnownFileType = sourcecode.c.h; path = TKWeChatPluginConfig.h; sourceTree = "<group>"; };
		52B5CEFA1F3B4631000D9DD9 /* TKWeChatPluginConfig.m */ = {isa = PBXFileReference; fileEncoding = 4; lastKnownFileType = sourcecode.c.objc; path = TKWeChatPluginConfig.m; sourceTree = "<group>"; };
		52B5CEFF1F3B4631000D9DD9 /* TKRemoteControlModel.h */ = {isa = PBXFileReference; fileEncoding = 4; lastKnownFileType = sourcecode.c.h; path = TKRemoteControlModel.h; sourceTree = "<group>"; };
		52B5CF001F3B4631000D9DD9 /* TKRemoteControlModel.m */ = {isa = PBXFileReference; fileEncoding = 4; lastKnownFileType = sourcecode.c.objc; path = TKRemoteControlModel.m; sourceTree = "<group>"; };
		52B5CF021F3B4631000D9DD9 /* TKHelper.h */ = {isa = PBXFileReference; fileEncoding = 4; lastKnownFileType = sourcecode.c.h; path = TKHelper.h; sourceTree = "<group>"; };
		52B5CF031F3B4631000D9DD9 /* TKHelper.m */ = {isa = PBXFileReference; fileEncoding = 4; lastKnownFileType = sourcecode.c.objc; path = TKHelper.m; sourceTree = "<group>"; };
		52CD4C56209C5CA10061A5D6 /* NSWindowController+Action.h */ = {isa = PBXFileReference; lastKnownFileType = sourcecode.c.h; path = "NSWindowController+Action.h"; sourceTree = "<group>"; };
		52CD4C57209C5CA10061A5D6 /* NSWindowController+Action.m */ = {isa = PBXFileReference; lastKnownFileType = sourcecode.c.objc; path = "NSWindowController+Action.m"; sourceTree = "<group>"; };
		52CD4C5B209CA0510061A5D6 /* TKAboutWindowController.h */ = {isa = PBXFileReference; lastKnownFileType = sourcecode.c.h; path = TKAboutWindowController.h; sourceTree = "<group>"; };
		52CD4C5C209CA0510061A5D6 /* TKAboutWindowController.m */ = {isa = PBXFileReference; lastKnownFileType = sourcecode.c.objc; path = TKAboutWindowController.m; sourceTree = "<group>"; };
		52CD4C78209ED22F0061A5D6 /* TKAutoReplyCell.h */ = {isa = PBXFileReference; fileEncoding = 4; lastKnownFileType = sourcecode.c.h; path = TKAutoReplyCell.h; sourceTree = "<group>"; };
		52CD4C79209ED2300061A5D6 /* TKAutoReplyContentView.h */ = {isa = PBXFileReference; fileEncoding = 4; lastKnownFileType = sourcecode.c.h; path = TKAutoReplyContentView.h; sourceTree = "<group>"; };
		52CD4C7A209ED2300061A5D6 /* TKAutoReplyContentView.m */ = {isa = PBXFileReference; fileEncoding = 4; lastKnownFileType = sourcecode.c.objc; path = TKAutoReplyContentView.m; sourceTree = "<group>"; };
		52CD4C7B209ED2300061A5D6 /* TKAutoReplyCell.m */ = {isa = PBXFileReference; fileEncoding = 4; lastKnownFileType = sourcecode.c.objc; path = TKAutoReplyCell.m; sourceTree = "<group>"; };
		52CD4C80209ED23B0061A5D6 /* TKRemoteControlCell.m */ = {isa = PBXFileReference; fileEncoding = 4; lastKnownFileType = sourcecode.c.objc; path = TKRemoteControlCell.m; sourceTree = "<group>"; };
		52CD4C81209ED23B0061A5D6 /* TKRemoteControlCell.h */ = {isa = PBXFileReference; fileEncoding = 4; lastKnownFileType = sourcecode.c.h; path = TKRemoteControlCell.h; sourceTree = "<group>"; };
		52CD4C8520A01CDC0061A5D6 /* en */ = {isa = PBXFileReference; lastKnownFileType = file.xib; name = en; path = en.lproj/TKAboutWindowController.xib; sourceTree = "<group>"; };
		52CD4C8820A07B8E0061A5D6 /* zh-Hant */ = {isa = PBXFileReference; lastKnownFileType = file.xib; name = "zh-Hant"; path = "zh-Hant.lproj/TKAboutWindowController.xib"; sourceTree = "<group>"; };
		52CD4C8920A07B8E0061A5D6 /* zh-Hant */ = {isa = PBXFileReference; lastKnownFileType = file.xib; name = "zh-Hant"; path = "zh-Hant.lproj/TKRemoteControlWindowController.xib"; sourceTree = "<group>"; };
		52CD4C8A20A07B8E0061A5D6 /* zh-Hant */ = {isa = PBXFileReference; lastKnownFileType = text.plist.strings; name = "zh-Hant"; path = "zh-Hant.lproj/Localizable.strings"; sourceTree = "<group>"; };
		52CD4C8C20A07D420061A5D6 /* en */ = {isa = PBXFileReference; lastKnownFileType = wrapper.rtfd; name = en; path = en.lproj/about.rtfd; sourceTree = "<group>"; };
		52CD4C8E20A07D450061A5D6 /* zh-Hans */ = {isa = PBXFileReference; lastKnownFileType = wrapper.rtfd; name = "zh-Hans"; path = "zh-Hans.lproj/about.rtfd"; sourceTree = "<group>"; };
		52CD4C8F20A07D460061A5D6 /* zh-Hant */ = {isa = PBXFileReference; lastKnownFileType = wrapper.rtfd; name = "zh-Hant"; path = "zh-Hant.lproj/about.rtfd"; sourceTree = "<group>"; };
		52CD4C9120A088590061A5D6 /* MMChatsTableCellView+hook.h */ = {isa = PBXFileReference; fileEncoding = 4; lastKnownFileType = sourcecode.c.h; path = "MMChatsTableCellView+hook.h"; sourceTree = "<group>"; };
		52CD4C9220A088590061A5D6 /* WeChat+hook.h */ = {isa = PBXFileReference; fileEncoding = 4; lastKnownFileType = sourcecode.c.h; path = "WeChat+hook.h"; sourceTree = "<group>"; };
		52CD4C9320A088590061A5D6 /* MMStickerMessageCellView+hook.h */ = {isa = PBXFileReference; fileEncoding = 4; lastKnownFileType = sourcecode.c.h; path = "MMStickerMessageCellView+hook.h"; sourceTree = "<group>"; };
		52CD4C9420A088590061A5D6 /* MMStickerMessageCellView+hook.m */ = {isa = PBXFileReference; fileEncoding = 4; lastKnownFileType = sourcecode.c.objc; path = "MMStickerMessageCellView+hook.m"; sourceTree = "<group>"; };
		52CD4C9520A088590061A5D6 /* WeChat+hook.m */ = {isa = PBXFileReference; fileEncoding = 4; lastKnownFileType = sourcecode.c.objc; path = "WeChat+hook.m"; sourceTree = "<group>"; };
		52CD4C9620A088590061A5D6 /* MMChatsTableCellView+hook.m */ = {isa = PBXFileReference; fileEncoding = 4; lastKnownFileType = sourcecode.c.objc; path = "MMChatsTableCellView+hook.m"; sourceTree = "<group>"; };
		52DA3E0A2094790900C618BB /* TKDownloadWindowController.h */ = {isa = PBXFileReference; lastKnownFileType = sourcecode.c.h; path = TKDownloadWindowController.h; sourceTree = "<group>"; };
		52DA3E0B2094790900C618BB /* TKDownloadWindowController.m */ = {isa = PBXFileReference; lastKnownFileType = sourcecode.c.objc; path = TKDownloadWindowController.m; sourceTree = "<group>"; };
		52DA3E0C2094790900C618BB /* TKDownloadWindowController.xib */ = {isa = PBXFileReference; lastKnownFileType = file.xib; path = TKDownloadWindowController.xib; sourceTree = "<group>"; };
		52EA235720862D19008E6329 /* TKHTTPManager.h */ = {isa = PBXFileReference; lastKnownFileType = sourcecode.c.h; path = TKHTTPManager.h; sourceTree = "<group>"; };
		52EA235820862D19008E6329 /* TKHTTPManager.m */ = {isa = PBXFileReference; lastKnownFileType = sourcecode.c.objc; path = TKHTTPManager.m; sourceTree = "<group>"; };
		888B2791FA0BBCC192BADA47 /* Pods-WeChatPlugin.debug.xcconfig */ = {isa = PBXFileReference; includeInIndex = 1; lastKnownFileType = text.xcconfig; name = "Pods-WeChatPlugin.debug.xcconfig"; path = "Pods/Target Support Files/Pods-WeChatPlugin/Pods-WeChatPlugin.debug.xcconfig"; sourceTree = "<group>"; };
/* End PBXFileReference section */

/* Begin PBXFrameworksBuildPhase section */
		528B4F8E1EA7383800BC6A89 /* Frameworks */ = {
			isa = PBXFrameworksBuildPhase;
			buildActionMask = 2147483647;
			files = (
				581E98663A5F0E6327516AA8 /* libPods-WeChatPlugin.a in Frameworks */,
			);
			runOnlyForDeploymentPostprocessing = 0;
		};
/* End PBXFrameworksBuildPhase section */

/* Begin PBXGroup section */
		13EC3A000F46808B50A62C6F /* Frameworks */ = {
			isa = PBXGroup;
			children = (
				17F7A08DC0E3A0626801414D /* libPods-WeChatPlugin.a */,
			);
			name = Frameworks;
			sourceTree = "<group>";
		};
		3C138513A2C7760B47317A95 /* Pods */ = {
			isa = PBXGroup;
			children = (
				888B2791FA0BBCC192BADA47 /* Pods-WeChatPlugin.debug.xcconfig */,
				13B308B4A92CE38341762A48 /* Pods-WeChatPlugin.release.xcconfig */,
			);
			name = Pods;
			sourceTree = "<group>";
		};
		520AE6F9208F646200BADE47 /* Utils */ = {
			isa = PBXGroup;
			children = (
				52B5CF021F3B4631000D9DD9 /* TKHelper.h */,
				52B5CF031F3B4631000D9DD9 /* TKHelper.m */,
				52810B6921E8FCF500861FC3 /* TKUtility.h */,
				52810B6A21E8FCF500861FC3 /* TKUtility.m */,
			);
			path = Utils;
			sourceTree = "<group>";
		};
		522547CC1F4AE5A700226A2A /* Category */ = {
			isa = PBXGroup;
			children = (
				522547CD1F4AE5A700226A2A /* NSView+Action.h */,
				522547CE1F4AE5A700226A2A /* NSView+Action.m */,
				5228EAB81F70B59500D808CF /* NSButton+Action.h */,
				5228EAB91F70B59500D808CF /* NSButton+Action.m */,
				523848A91F70E73500771BA3 /* NSTextField+Action.h */,
				523848AA1F70E73500771BA3 /* NSTextField+Action.m */,
				52206B6820836A230010C232 /* NSMenu+Action.h */,
				52206B6920836A230010C232 /* NSMenu+Action.m */,
				527D017120903C1B007155C9 /* NSMenuItem+Action.h */,
				527D017220903C1B007155C9 /* NSMenuItem+Action.m */,
				52176DD7209809CE0035FA50 /* NSString+Action.h */,
				52176DD8209809CE0035FA50 /* NSString+Action.m */,
				52CD4C56209C5CA10061A5D6 /* NSWindowController+Action.h */,
				52CD4C57209C5CA10061A5D6 /* NSWindowController+Action.m */,
				5299B2AE21087C2B004810D2 /* NSDate+Action.h */,
				5299B2AF21087C2B004810D2 /* NSDate+Action.m */,
			);
			path = Category;
			sourceTree = "<group>";
		};
		522547D11F4AE5AE00226A2A /* View */ = {
			isa = PBXGroup;
			children = (
			);
			path = View;
			sourceTree = "<group>";
		};
		522547D61F4C312A00226A2A /* AutoReply */ = {
			isa = PBXGroup;
			children = (
				522547D71F4C312A00226A2A /* TKAutoReplyWindowController.h */,
				522547D81F4C312A00226A2A /* TKAutoReplyWindowController.m */,
				522547D91F4C312A00226A2A /* TKAutoReplyWindowController.xib */,
			);
			path = AutoReply;
			sourceTree = "<group>";
		};
		522547DA1F4C312A00226A2A /* RemoteControl */ = {
			isa = PBXGroup;
			children = (
				522547DB1F4C312A00226A2A /* TKRemoteControlWindowController.h */,
				522547DC1F4C312A00226A2A /* TKRemoteControlWindowController.m */,
				521C49C520820662003902E7 /* TKRemoteControlWindowController.xib */,
			);
			path = RemoteControl;
			sourceTree = "<group>";
		};
		5268C514209199690090BE40 /* Download */ = {
			isa = PBXGroup;
			children = (
				52DA3E0A2094790900C618BB /* TKDownloadWindowController.h */,
				52DA3E0B2094790900C618BB /* TKDownloadWindowController.m */,
				52DA3E0C2094790900C618BB /* TKDownloadWindowController.xib */,
			);
			path = Download;
			sourceTree = "<group>";
		};
		526A266F2081A8DC005B3E3C /* Macro */ = {
			isa = PBXGroup;
			children = (
				526F4D791F4AAADA00E46004 /* ColorConstant.h */,
				526A26702081AC03005B3E3C /* DefineConstant.h */,
				520AE6EF208E231F00BADE47 /* NotifyConstant.h */,
			);
			path = Macro;
			sourceTree = "<group>";
		};
		526F4D781F4AAADA00E46004 /* Common */ = {
			isa = PBXGroup;
			children = (
				526A266F2081A8DC005B3E3C /* Macro */,
				522547D11F4AE5AE00226A2A /* View */,
				522547CC1F4AE5A700226A2A /* Category */,
				526F4D7C1F4AAADA00E46004 /* TKPrefixHeader.pch */,
			);
			path = Common;
			sourceTree = "<group>";
		};
		527E7F5F2018711800358D26 /* Vendor */ = {
			isa = PBXGroup;
			children = (
				527E7F602018711800358D26 /* fishhook.c */,
				527E7F612018711800358D26 /* fishhook.h */,
			);
			path = Vendor;
			sourceTree = "<group>";
		};
		528B4F881EA7383800BC6A89 = {
			isa = PBXGroup;
			children = (
				528B4F941EA7383800BC6A89 /* WeChatPlugin */,
				528B4F931EA7383800BC6A89 /* Products */,
				3C138513A2C7760B47317A95 /* Pods */,
				13EC3A000F46808B50A62C6F /* Frameworks */,
			);
			sourceTree = "<group>";
		};
		528B4F931EA7383800BC6A89 /* Products */ = {
			isa = PBXGroup;
			children = (
				528B4F921EA7383800BC6A89 /* WeChatPlugin.framework */,
			);
			name = Products;
			sourceTree = "<group>";
		};
		528B4F941EA7383800BC6A89 /* WeChatPlugin */ = {
			isa = PBXGroup;
			children = (
				52B5CEF41F3B4631000D9DD9 /* Sources */,
				52B5CEEF1F3B45ED000D9DD9 /* Supporting Files */,
			);
			path = WeChatPlugin;
			sourceTree = "<group>";
		};
		52B5CEEF1F3B45ED000D9DD9 /* Supporting Files */ = {
			isa = PBXGroup;
			children = (
				528B4FAA1EA7386D00BC6A89 /* main.mm */,
				52CD4C8D20A07D420061A5D6 /* about.rtfd */,
				528B4F951EA7383800BC6A89 /* WeChatPlugin.h */,
				528B4F961EA7383800BC6A89 /* Info.plist */,
				52B5CEF11F3B4623000D9DD9 /* TKRemoteControlScript.scpt */,
				521D75FB2080E3670093C820 /* Localizable.strings */,
			);
			name = "Supporting Files";
			sourceTree = "<group>";
		};
		52B5CEF41F3B4631000D9DD9 /* Sources */ = {
			isa = PBXGroup;
			children = (
				52CD4C9020A088590061A5D6 /* Hook */,
				52CD4C75209ED2160061A5D6 /* Views */,
				527E7F5F2018711800358D26 /* Vendor */,
				526F4D781F4AAADA00E46004 /* Common */,
				52B5CEF81F3B4631000D9DD9 /* Config */,
				52B5CEFE1F3B4631000D9DD9 /* Models */,
				520AE6F9208F646200BADE47 /* Utils */,
				52B5CF011F3B4631000D9DD9 /* Managers */,
				52B5CF091F3B4631000D9DD9 /* WindowControllers */,
			);
			path = Sources;
			sourceTree = "<group>";
		};
		52B5CEF81F3B4631000D9DD9 /* Config */ = {
			isa = PBXGroup;
			children = (
				52B5CEF91F3B4631000D9DD9 /* TKWeChatPluginConfig.h */,
				52B5CEFA1F3B4631000D9DD9 /* TKWeChatPluginConfig.m */,
			);
			path = Config;
			sourceTree = "<group>";
		};
		52B5CEFE1F3B4631000D9DD9 /* Models */ = {
			isa = PBXGroup;
			children = (
				529CDDFC1F6E6A060056DC1A /* TKBaseModel.h */,
				529CDDFD1F6E6A060056DC1A /* TKBaseModel.m */,
				526F4D811F4AAC1900E46004 /* TKAutoReplyModel.h */,
				526F4D821F4AAC1900E46004 /* TKAutoReplyModel.m */,
				52B5CEFF1F3B4631000D9DD9 /* TKRemoteControlModel.h */,
				52B5CF001F3B4631000D9DD9 /* TKRemoteControlModel.m */,
				52475C301F6BA43800760E3E /* TKIgnoreSessonModel.h */,
				52475C311F6BA43800760E3E /* TKIgnoreSessonModel.m */,
			);
			path = Models;
			sourceTree = "<group>";
		};
		52B5CF011F3B4631000D9DD9 /* Managers */ = {
			isa = PBXGroup;
			children = (
				5226D5C82040FC3E0013C048 /* TKVersionManager.h */,
				5226D5C92040FC3E0013C048 /* TKVersionManager.m */,
				520F2007205E1DF900A36B1E /* TKWebServerManager.h */,
				520F2008205E1DF900A36B1E /* TKWebServerManager.m */,
				52EA235720862D19008E6329 /* TKHTTPManager.h */,
				52EA235820862D19008E6329 /* TKHTTPManager.m */,
				520AE6E6208E1DA300BADE47 /* TKMessageManager.h */,
				520AE6E7208E1DA300BADE47 /* TKMessageManager.m */,
				520AE6F1208F62EF00BADE47 /* TKAssistantMenuManager.h */,
				520AE6F2208F62EF00BADE47 /* TKAssistantMenuManager.m */,
				520AE6F5208F632700BADE47 /* TKRemoteControlManager.h */,
				520AE6F6208F632700BADE47 /* TKRemoteControlManager.m */,
				52B5CEF01F3B4623000D9DD9 /* TKRemoteControlCommands.plist */,
				529950602113DAF10008BEE3 /* TKCacheManager.h */,
				529950612113DAF10008BEE3 /* TKCacheManager.m */,
			);
			path = Managers;
			sourceTree = "<group>";
		};
		52B5CF091F3B4631000D9DD9 /* WindowControllers */ = {
			isa = PBXGroup;
			children = (
				52CD4C5A209CA0380061A5D6 /* About */,
				5268C514209199690090BE40 /* Download */,
				522547D61F4C312A00226A2A /* AutoReply */,
				522547DA1F4C312A00226A2A /* RemoteControl */,
			);
			path = WindowControllers;
			sourceTree = "<group>";
		};
		52CD4C5A209CA0380061A5D6 /* About */ = {
			isa = PBXGroup;
			children = (
				52CD4C5B209CA0510061A5D6 /* TKAboutWindowController.h */,
				52CD4C5C209CA0510061A5D6 /* TKAboutWindowController.m */,
				52CD4C8620A01CDC0061A5D6 /* TKAboutWindowController.xib */,
			);
			path = About;
			sourceTree = "<group>";
		};
		52CD4C75209ED2160061A5D6 /* Views */ = {
			isa = PBXGroup;
			children = (
				52CD4C76209ED2160061A5D6 /* AutoReply */,
				52CD4C77209ED2160061A5D6 /* RemoteControl */,
			);
			path = Views;
			sourceTree = "<group>";
		};
		52CD4C76209ED2160061A5D6 /* AutoReply */ = {
			isa = PBXGroup;
			children = (
				52CD4C78209ED22F0061A5D6 /* TKAutoReplyCell.h */,
				52CD4C7B209ED2300061A5D6 /* TKAutoReplyCell.m */,
				52CD4C79209ED2300061A5D6 /* TKAutoReplyContentView.h */,
				52CD4C7A209ED2300061A5D6 /* TKAutoReplyContentView.m */,
			);
			path = AutoReply;
			sourceTree = "<group>";
		};
		52CD4C77209ED2160061A5D6 /* RemoteControl */ = {
			isa = PBXGroup;
			children = (
				52CD4C81209ED23B0061A5D6 /* TKRemoteControlCell.h */,
				52CD4C80209ED23B0061A5D6 /* TKRemoteControlCell.m */,
			);
			path = RemoteControl;
			sourceTree = "<group>";
		};
		52CD4C9020A088590061A5D6 /* Hook */ = {
			isa = PBXGroup;
			children = (
				52CD4C9220A088590061A5D6 /* WeChat+hook.h */,
				52CD4C9520A088590061A5D6 /* WeChat+hook.m */,
				52CD4C9120A088590061A5D6 /* MMChatsTableCellView+hook.h */,
				52CD4C9620A088590061A5D6 /* MMChatsTableCellView+hook.m */,
				52CD4C9320A088590061A5D6 /* MMStickerMessageCellView+hook.h */,
				52CD4C9420A088590061A5D6 /* MMStickerMessageCellView+hook.m */,
			);
			path = Hook;
			sourceTree = "<group>";
		};
/* End PBXGroup section */

/* Begin PBXHeadersBuildPhase section */
		528B4F8F1EA7383800BC6A89 /* Headers */ = {
			isa = PBXHeadersBuildPhase;
			buildActionMask = 2147483647;
			files = (
				522547DE1F4C312A00226A2A /* TKAutoReplyWindowController.h in Headers */,
				5228EABA1F70B59500D808CF /* NSButton+Action.h in Headers */,
				526F4D7D1F4AAADA00E46004 /* ColorConstant.h in Headers */,
				527E7F632018711800358D26 /* fishhook.h in Headers */,
				528B4F971EA7383800BC6A89 /* WeChatPlugin.h in Headers */,
				526F4D801F4AAADA00E46004 /* TKPrefixHeader.pch in Headers */,
				52EA235920862D19008E6329 /* TKHTTPManager.h in Headers */,
				529CDDFE1F6E6A060056DC1A /* TKBaseModel.h in Headers */,
				52CD4C58209C5CA10061A5D6 /* NSWindowController+Action.h in Headers */,
				5299B2B021087C2B004810D2 /* NSDate+Action.h in Headers */,
				52B5CF1A1F3B4631000D9DD9 /* TKHelper.h in Headers */,
				52CD4C83209ED23B0061A5D6 /* TKRemoteControlCell.h in Headers */,
				527D017320903C1B007155C9 /* NSMenuItem+Action.h in Headers */,
				523848AB1F70E73500771BA3 /* NSTextField+Action.h in Headers */,
				52CD4C7C209ED2300061A5D6 /* TKAutoReplyCell.h in Headers */,
				52CD4C9820A0885A0061A5D6 /* WeChat+hook.h in Headers */,
				52CD4C9720A0885A0061A5D6 /* MMChatsTableCellView+hook.h in Headers */,
				52DA3E0D2094790900C618BB /* TKDownloadWindowController.h in Headers */,
				52475C321F6BA43800760E3E /* TKIgnoreSessonModel.h in Headers */,
				52810B6B21E8FCF500861FC3 /* TKUtility.h in Headers */,
				52206B6A20836A230010C232 /* NSMenu+Action.h in Headers */,
				52B5CF181F3B4631000D9DD9 /* TKRemoteControlModel.h in Headers */,
				52CD4C7D209ED2300061A5D6 /* TKAutoReplyContentView.h in Headers */,
				5226D5CA2040FC3E0013C048 /* TKVersionManager.h in Headers */,
				520F2009205E1DF900A36B1E /* TKWebServerManager.h in Headers */,
				520AE6F7208F632700BADE47 /* TKRemoteControlManager.h in Headers */,
				522547CF1F4AE5A700226A2A /* NSView+Action.h in Headers */,
				520AE6F0208E231F00BADE47 /* NotifyConstant.h in Headers */,
				529950622113DAF10008BEE3 /* TKCacheManager.h in Headers */,
				52CD4C5E209CA0510061A5D6 /* TKAboutWindowController.h in Headers */,
				522547E11F4C312A00226A2A /* TKRemoteControlWindowController.h in Headers */,
				520AE6F3208F62EF00BADE47 /* TKAssistantMenuManager.h in Headers */,
				526F4D831F4AAC1900E46004 /* TKAutoReplyModel.h in Headers */,
				520AE6E8208E1DA300BADE47 /* TKMessageManager.h in Headers */,
				52CD4C9920A0885A0061A5D6 /* MMStickerMessageCellView+hook.h in Headers */,
				52176DD9209809CE0035FA50 /* NSString+Action.h in Headers */,
				52B5CF141F3B4631000D9DD9 /* TKWeChatPluginConfig.h in Headers */,
			);
			runOnlyForDeploymentPostprocessing = 0;
		};
/* End PBXHeadersBuildPhase section */

/* Begin PBXNativeTarget section */
		528B4F911EA7383800BC6A89 /* WeChatPlugin */ = {
			isa = PBXNativeTarget;
			buildConfigurationList = 528B4F9A1EA7383800BC6A89 /* Build configuration list for PBXNativeTarget "WeChatPlugin" */;
			buildPhases = (
				A23204925F0A37A0EBE14B92 /* [CP] Check Pods Manifest.lock */,
				528B4F8D1EA7383800BC6A89 /* Sources */,
				528B4F8E1EA7383800BC6A89 /* Frameworks */,
				528B4F8F1EA7383800BC6A89 /* Headers */,
				528B4F901EA7383800BC6A89 /* Resources */,
				528B4FB51EA738B100BC6A89 /* ShellScript */,
				165746E0A28B760DEA538E0D /* [CP] Copy Pods Resources */,
			);
			buildRules = (
			);
			dependencies = (
			);
			name = WeChatPlugin;
			productName = WeChatPlugin;
			productReference = 528B4F921EA7383800BC6A89 /* WeChatPlugin.framework */;
			productType = "com.apple.product-type.framework";
		};
/* End PBXNativeTarget section */

/* Begin PBXProject section */
		528B4F891EA7383800BC6A89 /* Project object */ = {
			isa = PBXProject;
			attributes = {
				LastUpgradeCheck = 0930;
				ORGANIZATIONNAME = tk;
				TargetAttributes = {
					528B4F911EA7383800BC6A89 = {
						CreatedOnToolsVersion = 8.2.1;
						ProvisioningStyle = Automatic;
					};
				};
			};
			buildConfigurationList = 528B4F8C1EA7383800BC6A89 /* Build configuration list for PBXProject "WeChatPlugin" */;
			compatibilityVersion = "Xcode 3.2";
			developmentRegion = English;
			hasScannedForEncodings = 0;
			knownRegions = (
				en,
				"zh-Hans",
				"zh-Hant",
				Base,
			);
			mainGroup = 528B4F881EA7383800BC6A89;
			productRefGroup = 528B4F931EA7383800BC6A89 /* Products */;
			projectDirPath = "";
			projectRoot = "";
			targets = (
				528B4F911EA7383800BC6A89 /* WeChatPlugin */,
			);
		};
/* End PBXProject section */

/* Begin PBXResourcesBuildPhase section */
		528B4F901EA7383800BC6A89 /* Resources */ = {
			isa = PBXResourcesBuildPhase;
			buildActionMask = 2147483647;
			files = (
				52DA3E0F2094790900C618BB /* TKDownloadWindowController.xib in Resources */,
				521D75F92080E3670093C820 /* Localizable.strings in Resources */,
				522547E01F4C312A00226A2A /* TKAutoReplyWindowController.xib in Resources */,
				52B5CEF21F3B4623000D9DD9 /* TKRemoteControlCommands.plist in Resources */,
				52CD4C8420A01CDC0061A5D6 /* TKAboutWindowController.xib in Resources */,
				52B5CEF31F3B4623000D9DD9 /* TKRemoteControlScript.scpt in Resources */,
				52CD4C8B20A07D420061A5D6 /* about.rtfd in Resources */,
				521C49C320820662003902E7 /* TKRemoteControlWindowController.xib in Resources */,
			);
			runOnlyForDeploymentPostprocessing = 0;
		};
/* End PBXResourcesBuildPhase section */

/* Begin PBXShellScriptBuildPhase section */
		165746E0A28B760DEA538E0D /* [CP] Copy Pods Resources */ = {
			isa = PBXShellScriptBuildPhase;
			buildActionMask = 2147483647;
			files = (
			);
			inputPaths = (
			);
			name = "[CP] Copy Pods Resources";
			outputPaths = (
			);
			runOnlyForDeploymentPostprocessing = 0;
			shellPath = /bin/sh;
			shellScript = "\"${SRCROOT}/Pods/Target Support Files/Pods-WeChatPlugin/Pods-WeChatPlugin-resources.sh\"\n";
			showEnvVarsInLog = 0;
		};
		528B4FB51EA738B100BC6A89 /* ShellScript */ = {
			isa = PBXShellScriptBuildPhase;
			buildActionMask = 2147483647;
			files = (
			);
			inputPaths = (
			);
			outputPaths = (
			);
			runOnlyForDeploymentPostprocessing = 0;
			shellPath = /bin/sh;
			shellScript = "#!/bin/bash\napp_name=\"WeChat\"\nframework_name=\"WeChatPlugin\"\napp_bundle_path=\"/Applications/${app_name}.app/Contents/MacOS\"\napp_executable_path=\"${app_bundle_path}/${app_name}\"\napp_executable_backup_path=\"${app_executable_path}_backup\"\nframework_path=\"${app_bundle_path}/${framework_name}.framework\"\n# 备份WeChat原始可执行文件\nif [ ! -f \"$app_executable_backup_path\" ]\nthen\ncp \"$app_executable_path\" \"$app_executable_backup_path\"\nfi\n\nrm -rf \"./Other/Products/Debug/${framework_name}.framework\"\ncp -r \"${BUILT_PRODUCTS_DIR}/${framework_name}.framework\" \"./Other/Products/Debug/${framework_name}.framework\"\ncp -r \"${BUILT_PRODUCTS_DIR}/${framework_name}.framework\" \"./Other/微信小助手.app/Contents/Data/${framework_name}.framework\"\n\ncp -r \"${BUILT_PRODUCTS_DIR}/${framework_name}.framework\" ${app_bundle_path}\n./Other/insert_dylib --all-yes \"${framework_path}/${framework_name}\" \"$app_executable_backup_path\" \"$app_executable_path\"\n";
		};
		A23204925F0A37A0EBE14B92 /* [CP] Check Pods Manifest.lock */ = {
			isa = PBXShellScriptBuildPhase;
			buildActionMask = 2147483647;
			files = (
			);
			inputPaths = (
				"${PODS_PODFILE_DIR_PATH}/Podfile.lock",
				"${PODS_ROOT}/Manifest.lock",
			);
			name = "[CP] Check Pods Manifest.lock";
			outputPaths = (
				"$(DERIVED_FILE_DIR)/Pods-WeChatPlugin-checkManifestLockResult.txt",
			);
			runOnlyForDeploymentPostprocessing = 0;
			shellPath = /bin/sh;
			shellScript = "diff \"${PODS_PODFILE_DIR_PATH}/Podfile.lock\" \"${PODS_ROOT}/Manifest.lock\" > /dev/null\nif [ $? != 0 ] ; then\n    # print error to STDERR\n    echo \"error: The sandbox is not in sync with the Podfile.lock. Run 'pod install' or update your CocoaPods installation.\" >&2\n    exit 1\nfi\n";
			showEnvVarsInLog = 0;
		};
/* End PBXShellScriptBuildPhase section */

/* Begin PBXSourcesBuildPhase section */
		528B4F8D1EA7383800BC6A89 /* Sources */ = {
			isa = PBXSourcesBuildPhase;
			buildActionMask = 2147483647;
			files = (
				52CD4C5F209CA0510061A5D6 /* TKAboutWindowController.m in Sources */,
				520F200A205E1DF900A36B1E /* TKWebServerManager.m in Sources */,
				52CD4C9C20A0885A0061A5D6 /* MMChatsTableCellView+hook.m in Sources */,
				52B5CF151F3B4631000D9DD9 /* TKWeChatPluginConfig.m in Sources */,
				52CD4C7F209ED2300061A5D6 /* TKAutoReplyCell.m in Sources */,
				52CD4C9B20A0885A0061A5D6 /* WeChat+hook.m in Sources */,
				522547E21F4C312A00226A2A /* TKRemoteControlWindowController.m in Sources */,
				529CDDFF1F6E6A060056DC1A /* TKBaseModel.m in Sources */,
				52DA3E0E2094790900C618BB /* TKDownloadWindowController.m in Sources */,
				527E7F622018711800358D26 /* fishhook.c in Sources */,
				52176DDA209809CE0035FA50 /* NSString+Action.m in Sources */,
				529950632113DAF10008BEE3 /* TKCacheManager.m in Sources */,
				52EA235A20862D19008E6329 /* TKHTTPManager.m in Sources */,
				52810B6C21E8FCF500861FC3 /* TKUtility.m in Sources */,
				5299B2B121087C2B004810D2 /* NSDate+Action.m in Sources */,
				527D017420903C1B007155C9 /* NSMenuItem+Action.m in Sources */,
				52B5CF1B1F3B4631000D9DD9 /* TKHelper.m in Sources */,
				52206B6B20836A230010C232 /* NSMenu+Action.m in Sources */,
				520AE6F8208F632700BADE47 /* TKRemoteControlManager.m in Sources */,
				520AE6F4208F62EF00BADE47 /* TKAssistantMenuManager.m in Sources */,
				522547D01F4AE5A700226A2A /* NSView+Action.m in Sources */,
				523848AC1F70E73500771BA3 /* NSTextField+Action.m in Sources */,
				526F4D841F4AAC1900E46004 /* TKAutoReplyModel.m in Sources */,
				522547DF1F4C312A00226A2A /* TKAutoReplyWindowController.m in Sources */,
				5226D5CB2040FC3E0013C048 /* TKVersionManager.m in Sources */,
				52CD4C7E209ED2300061A5D6 /* TKAutoReplyContentView.m in Sources */,
				520AE6E9208E1DA300BADE47 /* TKMessageManager.m in Sources */,
				52B5CF191F3B4631000D9DD9 /* TKRemoteControlModel.m in Sources */,
				5228EABB1F70B59500D808CF /* NSButton+Action.m in Sources */,
				52CD4C59209C5CA10061A5D6 /* NSWindowController+Action.m in Sources */,
				52CD4C82209ED23B0061A5D6 /* TKRemoteControlCell.m in Sources */,
				528B4FB41EA7386D00BC6A89 /* main.mm in Sources */,
				52CD4C9A20A0885A0061A5D6 /* MMStickerMessageCellView+hook.m in Sources */,
				52475C331F6BA43800760E3E /* TKIgnoreSessonModel.m in Sources */,
			);
			runOnlyForDeploymentPostprocessing = 0;
		};
/* End PBXSourcesBuildPhase section */

/* Begin PBXVariantGroup section */
		521C49C520820662003902E7 /* TKRemoteControlWindowController.xib */ = {
			isa = PBXVariantGroup;
			children = (
				521C49C620820663003902E7 /* zh-Hans */,
				52CD4C8920A07B8E0061A5D6 /* zh-Hant */,
				52810B6E21E90B2500861FC3 /* Base */,
			);
			name = TKRemoteControlWindowController.xib;
			sourceTree = "<group>";
		};
		521D75FB2080E3670093C820 /* Localizable.strings */ = {
			isa = PBXVariantGroup;
			children = (
				521D75FA2080E3670093C820 /* en */,
				521D75FC2080E3780093C820 /* zh-Hans */,
				52CD4C8A20A07B8E0061A5D6 /* zh-Hant */,
			);
			name = Localizable.strings;
			sourceTree = "<group>";
		};
		52CD4C8620A01CDC0061A5D6 /* TKAboutWindowController.xib */ = {
			isa = PBXVariantGroup;
			children = (
				52CD4C8520A01CDC0061A5D6 /* en */,
				52CD4C8820A07B8E0061A5D6 /* zh-Hant */,
				52810B6D21E90B2400861FC3 /* Base */,
			);
			name = TKAboutWindowController.xib;
			sourceTree = "<group>";
		};
		52CD4C8D20A07D420061A5D6 /* about.rtfd */ = {
			isa = PBXVariantGroup;
			children = (
				52CD4C8C20A07D420061A5D6 /* en */,
				52CD4C8E20A07D450061A5D6 /* zh-Hans */,
				52CD4C8F20A07D460061A5D6 /* zh-Hant */,
			);
			name = about.rtfd;
			sourceTree = "<group>";
		};
/* End PBXVariantGroup section */

/* Begin XCBuildConfiguration section */
		528B4F981EA7383800BC6A89 /* Debug */ = {
			isa = XCBuildConfiguration;
			buildSettings = {
				ALWAYS_SEARCH_USER_PATHS = NO;
				CLANG_ANALYZER_LOCALIZABILITY_NONLOCALIZED = YES;
				CLANG_ANALYZER_NONNULL = YES;
				CLANG_CXX_LANGUAGE_STANDARD = "gnu++0x";
				CLANG_CXX_LIBRARY = "libc++";
				CLANG_ENABLE_MODULES = YES;
				CLANG_ENABLE_OBJC_ARC = YES;
				CLANG_WARN_BLOCK_CAPTURE_AUTORELEASING = YES;
				CLANG_WARN_BOOL_CONVERSION = YES;
				CLANG_WARN_COMMA = YES;
				CLANG_WARN_CONSTANT_CONVERSION = YES;
				CLANG_WARN_DEPRECATED_OBJC_IMPLEMENTATIONS = YES;
				CLANG_WARN_DIRECT_OBJC_ISA_USAGE = YES_ERROR;
				CLANG_WARN_DOCUMENTATION_COMMENTS = YES;
				CLANG_WARN_EMPTY_BODY = YES;
				CLANG_WARN_ENUM_CONVERSION = YES;
				CLANG_WARN_INFINITE_RECURSION = YES;
				CLANG_WARN_INT_CONVERSION = YES;
				CLANG_WARN_NON_LITERAL_NULL_CONVERSION = YES;
				CLANG_WARN_OBJC_IMPLICIT_RETAIN_SELF = YES;
				CLANG_WARN_OBJC_LITERAL_CONVERSION = YES;
				CLANG_WARN_OBJC_ROOT_CLASS = YES_ERROR;
				CLANG_WARN_RANGE_LOOP_ANALYSIS = YES;
				CLANG_WARN_STRICT_PROTOTYPES = YES;
				CLANG_WARN_SUSPICIOUS_MOVE = YES;
				CLANG_WARN_UNREACHABLE_CODE = YES;
				CLANG_WARN__DUPLICATE_METHOD_MATCH = YES;
				CODE_SIGN_IDENTITY = "-";
				COPY_PHASE_STRIP = NO;
				CURRENT_PROJECT_VERSION = 1;
				DEBUG_INFORMATION_FORMAT = dwarf;
				ENABLE_STRICT_OBJC_MSGSEND = YES;
				ENABLE_TESTABILITY = YES;
				GCC_C_LANGUAGE_STANDARD = gnu99;
				GCC_DYNAMIC_NO_PIC = NO;
				GCC_NO_COMMON_BLOCKS = YES;
				GCC_OPTIMIZATION_LEVEL = 0;
				GCC_PREPROCESSOR_DEFINITIONS = (
					"DEBUG=1",
					"$(inherited)",
				);
				GCC_WARN_64_TO_32_BIT_CONVERSION = YES;
				GCC_WARN_ABOUT_RETURN_TYPE = YES_ERROR;
				GCC_WARN_UNDECLARED_SELECTOR = YES;
				GCC_WARN_UNINITIALIZED_AUTOS = YES_AGGRESSIVE;
				GCC_WARN_UNUSED_FUNCTION = YES;
				GCC_WARN_UNUSED_VARIABLE = YES;
				MACOSX_DEPLOYMENT_TARGET = 10.12;
				MTL_ENABLE_DEBUG_INFO = YES;
				ONLY_ACTIVE_ARCH = YES;
				SDKROOT = macosx;
				VERSIONING_SYSTEM = "apple-generic";
				VERSION_INFO_PREFIX = "";
			};
			name = Debug;
		};
		528B4F991EA7383800BC6A89 /* Release */ = {
			isa = XCBuildConfiguration;
			buildSettings = {
				ALWAYS_SEARCH_USER_PATHS = NO;
				CLANG_ANALYZER_LOCALIZABILITY_NONLOCALIZED = YES;
				CLANG_ANALYZER_NONNULL = YES;
				CLANG_CXX_LANGUAGE_STANDARD = "gnu++0x";
				CLANG_CXX_LIBRARY = "libc++";
				CLANG_ENABLE_MODULES = YES;
				CLANG_ENABLE_OBJC_ARC = YES;
				CLANG_WARN_BLOCK_CAPTURE_AUTORELEASING = YES;
				CLANG_WARN_BOOL_CONVERSION = YES;
				CLANG_WARN_COMMA = YES;
				CLANG_WARN_CONSTANT_CONVERSION = YES;
				CLANG_WARN_DEPRECATED_OBJC_IMPLEMENTATIONS = YES;
				CLANG_WARN_DIRECT_OBJC_ISA_USAGE = YES_ERROR;
				CLANG_WARN_DOCUMENTATION_COMMENTS = YES;
				CLANG_WARN_EMPTY_BODY = YES;
				CLANG_WARN_ENUM_CONVERSION = YES;
				CLANG_WARN_INFINITE_RECURSION = YES;
				CLANG_WARN_INT_CONVERSION = YES;
				CLANG_WARN_NON_LITERAL_NULL_CONVERSION = YES;
				CLANG_WARN_OBJC_IMPLICIT_RETAIN_SELF = YES;
				CLANG_WARN_OBJC_LITERAL_CONVERSION = YES;
				CLANG_WARN_OBJC_ROOT_CLASS = YES_ERROR;
				CLANG_WARN_RANGE_LOOP_ANALYSIS = YES;
				CLANG_WARN_STRICT_PROTOTYPES = YES;
				CLANG_WARN_SUSPICIOUS_MOVE = YES;
				CLANG_WARN_UNREACHABLE_CODE = YES;
				CLANG_WARN__DUPLICATE_METHOD_MATCH = YES;
				CODE_SIGN_IDENTITY = "-";
				COPY_PHASE_STRIP = NO;
				CURRENT_PROJECT_VERSION = 1;
				DEBUG_INFORMATION_FORMAT = "dwarf-with-dsym";
				ENABLE_NS_ASSERTIONS = NO;
				ENABLE_STRICT_OBJC_MSGSEND = YES;
				GCC_C_LANGUAGE_STANDARD = gnu99;
				GCC_NO_COMMON_BLOCKS = YES;
				GCC_WARN_64_TO_32_BIT_CONVERSION = YES;
				GCC_WARN_ABOUT_RETURN_TYPE = YES_ERROR;
				GCC_WARN_UNDECLARED_SELECTOR = YES;
				GCC_WARN_UNINITIALIZED_AUTOS = YES_AGGRESSIVE;
				GCC_WARN_UNUSED_FUNCTION = YES;
				GCC_WARN_UNUSED_VARIABLE = YES;
				MACOSX_DEPLOYMENT_TARGET = 10.12;
				MTL_ENABLE_DEBUG_INFO = NO;
				SDKROOT = macosx;
				VERSIONING_SYSTEM = "apple-generic";
				VERSION_INFO_PREFIX = "";
			};
			name = Release;
		};
		528B4F9B1EA7383800BC6A89 /* Debug */ = {
			isa = XCBuildConfiguration;
			baseConfigurationReference = 888B2791FA0BBCC192BADA47 /* Pods-WeChatPlugin.debug.xcconfig */;
			buildSettings = {
				CODE_SIGN_IDENTITY = "";
				COMBINE_HIDPI_IMAGES = YES;
				DEFINES_MODULE = YES;
				DYLIB_COMPATIBILITY_VERSION = 1;
				DYLIB_CURRENT_VERSION = 1;
				DYLIB_INSTALL_NAME_BASE = "@rpath";
				FRAMEWORK_VERSION = A;
				GCC_INPUT_FILETYPE = automatic;
				GCC_PREFIX_HEADER = "$(SRCROOT)/WeChatPlugin/Sources/Common/TKPrefixHeader.pch";
				INFOPLIST_FILE = WeChatPlugin/Info.plist;
				INSTALL_PATH = "$(LOCAL_LIBRARY_DIR)/Frameworks";
				LD_RUNPATH_SEARCH_PATHS = "$(inherited) @executable_path/../Frameworks @loader_path/Frameworks";
				PRODUCT_BUNDLE_IDENTIFIER = tk.WeChatPlugin;
				PRODUCT_NAME = "$(TARGET_NAME)";
				SKIP_INSTALL = YES;
			};
			name = Debug;
		};
		528B4F9C1EA7383800BC6A89 /* Release */ = {
			isa = XCBuildConfiguration;
			baseConfigurationReference = 13B308B4A92CE38341762A48 /* Pods-WeChatPlugin.release.xcconfig */;
			buildSettings = {
				CODE_SIGN_IDENTITY = "";
				COMBINE_HIDPI_IMAGES = YES;
				DEFINES_MODULE = YES;
				DYLIB_COMPATIBILITY_VERSION = 1;
				DYLIB_CURRENT_VERSION = 1;
				DYLIB_INSTALL_NAME_BASE = "@rpath";
				FRAMEWORK_VERSION = A;
				GCC_INPUT_FILETYPE = automatic;
				GCC_PREFIX_HEADER = "$(SRCROOT)/WeChatPlugin/Sources/Common/TKPrefixHeader.pch";
				INFOPLIST_FILE = WeChatPlugin/Info.plist;
				INSTALL_PATH = "$(LOCAL_LIBRARY_DIR)/Frameworks";
				LD_RUNPATH_SEARCH_PATHS = "$(inherited) @executable_path/../Frameworks @loader_path/Frameworks";
				PRODUCT_BUNDLE_IDENTIFIER = tk.WeChatPlugin;
				PRODUCT_NAME = "$(TARGET_NAME)";
				SKIP_INSTALL = YES;
			};
			name = Release;
		};
/* End XCBuildConfiguration section */

/* Begin XCConfigurationList section */
		528B4F8C1EA7383800BC6A89 /* Build configuration list for PBXProject "WeChatPlugin" */ = {
			isa = XCConfigurationList;
			buildConfigurations = (
				528B4F981EA7383800BC6A89 /* Debug */,
				528B4F991EA7383800BC6A89 /* Release */,
			);
			defaultConfigurationIsVisible = 0;
			defaultConfigurationName = Release;
		};
		528B4F9A1EA7383800BC6A89 /* Build configuration list for PBXNativeTarget "WeChatPlugin" */ = {
			isa = XCConfigurationList;
			buildConfigurations = (
				528B4F9B1EA7383800BC6A89 /* Debug */,
				528B4F9C1EA7383800BC6A89 /* Release */,
			);
			defaultConfigurationIsVisible = 0;
			defaultConfigurationName = Release;
		};
/* End XCConfigurationList section */
	};
	rootObject = 528B4F891EA7383800BC6A89 /* Project object */;
}
